
Microsoft Visual Studio Solution File, Format Version 12.00
# Visual Studio Version 17
VisualStudioVersion = 17.5.002.0
MinimumVisualStudioVersion = 10.0.40219.1
Project("{9A19103F-16F7-4668-BE54-9A1E7A4F7556}") = "ProjectName", "ProjectName\ProjectName.csproj", "{CF748A35-7FDA-43FE-AE61-24BB0F9E1FCE}"
EndProject
Project("{9A19103F-16F7-4668-BE54-9A1E7A4F7556}") = "ProjectName.Tests", "ProjectName.Tests\ProjectName.Tests.csproj", "{19A34344-B54B-431F-A7CD-5371ABCDB2A7}"
EndProject
Global
	GlobalSection(SolutionConfigurationPlatforms) = preSolution
		Debug|Any CPU = Debug|Any CPU
		Release|Any CPU = Release|Any CPU
	EndGlobalSection
	GlobalSection(ProjectConfigurationPlatforms) = postSolution
		{CF748A35-7FDA-43FE-AE61-24BB0F9E1FCE}.Debug|Any CPU.ActiveCfg = Debug|Any CPU
		{CF748A35-7FDA-43FE-AE61-24BB0F9E1FCE}.Debug|Any CPU.Build.0 = Debug|Any CPU
		{CF748A35-7FDA-43FE-AE61-24BB0F9E1FCE}.Release|Any CPU.ActiveCfg = Release|Any CPU
		{CF748A35-7FDA-43FE-AE61-24BB0F9E1FCE}.Release|Any CPU.Build.0 = Release|Any CPU
		{19A34344-B54B-431F-A7CD-5371ABCDB2A7}.Debug|Any CPU.ActiveCfg = Debug|Any CPU
		{19A34344-B54B-431F-A7CD-5371ABCDB2A7}.Debug|Any CPU.Build.0 = Debug|Any CPU
		{19A34344-B54B-431F-A7CD-5371ABCDB2A7}.Release|Any CPU.ActiveCfg = Release|Any CPU
		{19A34344-B54B-431F-A7CD-5371ABCDB2A7}.Release|Any CPU.Build.0 = Release|Any CPU
	EndGlobalSection
	GlobalSection(SolutionProperties) = preSolution
		HideSolutionNode = FALSE
	EndGlobalSection
	GlobalSection(ExtensibilityGlobals) = postSolution
		SolutionGuid = {64714011-D982-4638-B844-D94057B6556D}
	EndGlobalSection
EndGlobal
